
Microsoft Visual Studio Solution File, Format Version 12.00
# Visual Studio Version 16
VisualStudioVersion = 16.0.30011.22
MinimumVisualStudioVersion = 10.0.40219.1
Project("{FAE04EC0-301F-11D3-BF4B-00C04F79EFBC}") = "AdvancedAutoResolve", "AdvancedAutoresolve\AdvancedAutoResolve.csproj", "{073A0186-9DD1-4BEB-A94B-FF5496FBACBA}"
EndProject
Global
	GlobalSection(SolutionConfigurationPlatforms) = preSolution
		Debug|Any CPU = Debug|Any CPU
		Release|Any CPU = Release|Any CPU
	EndGlobalSection
	GlobalSection(ProjectConfigurationPlatforms) = postSolution
		{073A0186-9DD1-4BEB-A94B-FF5496FBACBA}.Debug|Any CPU.ActiveCfg = Debug|Any CPU
		{073A0186-9DD1-4BEB-A94B-FF5496FBACBA}.Debug|Any CPU.Build.0 = Debug|Any CPU
		{073A0186-9DD1-4BEB-A94B-FF5496FBACBA}.Release|Any CPU.ActiveCfg = Release|Any CPU
		{073A0186-9DD1-4BEB-A94B-FF5496FBACBA}.Release|Any CPU.Build.0 = Release|Any CPU
	EndGlobalSection
	GlobalSection(SolutionProperties) = preSolution
		HideSolutionNode = FALSE
	EndGlobalSection
	GlobalSection(ExtensibilityGlobals) = postSolution
		SolutionGuid = {F123E031-E054-416F-855A-8C857CAFEE15}
	EndGlobalSection
EndGlobal
